// !$*UTF8*$!
{
	archiveVersion = 1;
	classes = {
	};
	objectVersion = 48;
	objects = {

/* Begin PBXBuildFile section */
		5F3CE9461FC5B08F000F871F /* InMemoryContactRepositoryTest.swift in Sources */ = {isa = PBXBuildFile; fileRef = 5F3CE9451FC5B08F000F871F /* InMemoryContactRepositoryTest.swift */; };
		5F3CE9481FC5BAD1000F871F /* InMemoryContactRepository.swift in Sources */ = {isa = PBXBuildFile; fileRef = 5F3CE9471FC5BAD1000F871F /* InMemoryContactRepository.swift */; };
		5F3CE9491FC5BAD1000F871F /* InMemoryContactRepository.swift in Sources */ = {isa = PBXBuildFile; fileRef = 5F3CE9471FC5BAD1000F871F /* InMemoryContactRepository.swift */; };
		5F5D6A251FC6CC39001DD398 /* AddNewEntryViewController.swift in Sources */ = {isa = PBXBuildFile; fileRef = 5F5D6A241FC6CC39001DD398 /* AddNewEntryViewController.swift */; };
		5F5D6A261FC6CC39001DD398 /* AddNewEntryViewController.swift in Sources */ = {isa = PBXBuildFile; fileRef = 5F5D6A241FC6CC39001DD398 /* AddNewEntryViewController.swift */; };
		5F8B639E1FC48DD600EB9B9A /* AppDelegate.swift in Sources */ = {isa = PBXBuildFile; fileRef = 5F8B639D1FC48DD600EB9B9A /* AppDelegate.swift */; };
		5F8B63A31FC48DD600EB9B9A /* Main.storyboard in Resources */ = {isa = PBXBuildFile; fileRef = 5F8B63A11FC48DD600EB9B9A /* Main.storyboard */; };
		5F8B63A51FC48DD600EB9B9A /* Assets.xcassets in Resources */ = {isa = PBXBuildFile; fileRef = 5F8B63A41FC48DD600EB9B9A /* Assets.xcassets */; };
		5F8B63A81FC48DD600EB9B9A /* LaunchScreen.storyboard in Resources */ = {isa = PBXBuildFile; fileRef = 5F8B63A61FC48DD600EB9B9A /* LaunchScreen.storyboard */; };
		5F8B63BE1FC48DD600EB9B9A /* Telephone_DirectoryUITests.swift in Sources */ = {isa = PBXBuildFile; fileRef = 5F8B63BD1FC48DD600EB9B9A /* Telephone_DirectoryUITests.swift */; };
		5F9958471FC6DCA60019B4F5 /* AddNewEntryDelegate.swift in Sources */ = {isa = PBXBuildFile; fileRef = 5F9958461FC6DCA60019B4F5 /* AddNewEntryDelegate.swift */; };
		5F9958481FC6DCA60019B4F5 /* AddNewEntryDelegate.swift in Sources */ = {isa = PBXBuildFile; fileRef = 5F9958461FC6DCA60019B4F5 /* AddNewEntryDelegate.swift */; };
		5FD3AFAF1FC5BD9D00DF48BC /* ContactValidatorTest.swift in Sources */ = {isa = PBXBuildFile; fileRef = 5FD3AFAE1FC5BD9D00DF48BC /* ContactValidatorTest.swift */; };
		5FD3AFB11FC5BF9900DF48BC /* ContactValidator.swift in Sources */ = {isa = PBXBuildFile; fileRef = 5FD3AFB01FC5BF9900DF48BC /* ContactValidator.swift */; };
		5FD3AFB21FC5BF9900DF48BC /* ContactValidator.swift in Sources */ = {isa = PBXBuildFile; fileRef = 5FD3AFB01FC5BF9900DF48BC /* ContactValidator.swift */; };
		5FD3AFB61FC5C56900DF48BC /* HomePageView.swift in Sources */ = {isa = PBXBuildFile; fileRef = 5FD3AFB51FC5C56900DF48BC /* HomePageView.swift */; };
		5FD3AFB71FC5C56900DF48BC /* HomePageView.swift in Sources */ = {isa = PBXBuildFile; fileRef = 5FD3AFB51FC5C56900DF48BC /* HomePageView.swift */; };
		5FD3AFB91FC5C79200DF48BC /* HomePagePresenter.swift in Sources */ = {isa = PBXBuildFile; fileRef = 5FD3AFB81FC5C79200DF48BC /* HomePagePresenter.swift */; };
		5FD3AFBA1FC5C79200DF48BC /* HomePagePresenter.swift in Sources */ = {isa = PBXBuildFile; fileRef = 5FD3AFB81FC5C79200DF48BC /* HomePagePresenter.swift */; };
		5FD3AFBF1FC5D03100DF48BC /* SpyContactRepository.swift in Sources */ = {isa = PBXBuildFile; fileRef = 5FD3AFBE1FC5D03100DF48BC /* SpyContactRepository.swift */; };
		5FD3AFC11FC5D06800DF48BC /* SpyAddNewEntryView.swift in Sources */ = {isa = PBXBuildFile; fileRef = 5FD3AFC01FC5D06800DF48BC /* SpyAddNewEntryView.swift */; };
		5FD3AFC61FC5D15000DF48BC /* SpyHomePageView.swift in Sources */ = {isa = PBXBuildFile; fileRef = 5FD3AFC51FC5D15000DF48BC /* SpyHomePageView.swift */; };
		5FDA91A91FC57B4E00D76676 /* AddNewEntryPresenterTest.swift in Sources */ = {isa = PBXBuildFile; fileRef = 5FDA91A81FC57B4E00D76676 /* AddNewEntryPresenterTest.swift */; };
		5FDA91AB1FC584EB00D76676 /* ContactRepository.swift in Sources */ = {isa = PBXBuildFile; fileRef = 5FDA91AA1FC584EB00D76676 /* ContactRepository.swift */; };
		5FDA91AF1FC5869D00D76676 /* Contact.swift in Sources */ = {isa = PBXBuildFile; fileRef = 5FDA91AE1FC5869D00D76676 /* Contact.swift */; };
		5FDA91B01FC588EB00D76676 /* Contact.swift in Sources */ = {isa = PBXBuildFile; fileRef = 5FDA91AE1FC5869D00D76676 /* Contact.swift */; };
		5FDA91B21FC588F000D76676 /* ContactRepository.swift in Sources */ = {isa = PBXBuildFile; fileRef = 5FDA91AA1FC584EB00D76676 /* ContactRepository.swift */; };
		5FDA91B51FC5896700D76676 /* Validator.swift in Sources */ = {isa = PBXBuildFile; fileRef = 5FDA91B41FC5896700D76676 /* Validator.swift */; };
		5FDA91B61FC5896700D76676 /* Validator.swift in Sources */ = {isa = PBXBuildFile; fileRef = 5FDA91B41FC5896700D76676 /* Validator.swift */; };
		5FDA91B81FC5945D00D76676 /* AddNewEntryView.swift in Sources */ = {isa = PBXBuildFile; fileRef = 5FDA91B71FC5945D00D76676 /* AddNewEntryView.swift */; };
		5FDA91B91FC5945D00D76676 /* AddNewEntryView.swift in Sources */ = {isa = PBXBuildFile; fileRef = 5FDA91B71FC5945D00D76676 /* AddNewEntryView.swift */; };
		5FDA91BC1FC5978B00D76676 /* AddNewEntryPresenter.swift in Sources */ = {isa = PBXBuildFile; fileRef = 5FDA91BB1FC5978B00D76676 /* AddNewEntryPresenter.swift */; };
		5FDA91BD1FC5978B00D76676 /* AddNewEntryPresenter.swift in Sources */ = {isa = PBXBuildFile; fileRef = 5FDA91BB1FC5978B00D76676 /* AddNewEntryPresenter.swift */; };
		5FDEB5F41FC5D32F002B0C68 /* StubContactValidator.swift in Sources */ = {isa = PBXBuildFile; fileRef = 5FD3AFC21FC5D08B00DF48BC /* StubContactValidator.swift */; };
		5FDEB5F51FC5D375002B0C68 /* HomePagePresenterTest.swift in Sources */ = {isa = PBXBuildFile; fileRef = 5FD3AFB31FC5C17000DF48BC /* HomePagePresenterTest.swift */; };
		5FDEB5F91FC5D4AC002B0C68 /* StubContactRepository.swift in Sources */ = {isa = PBXBuildFile; fileRef = 5FDEB5F71FC5D456002B0C68 /* StubContactRepository.swift */; };
		5FDEB5FD1FC5D67C002B0C68 /* HomePageViewController.swift in Sources */ = {isa = PBXBuildFile; fileRef = 5FDEB5FC1FC5D67C002B0C68 /* HomePageViewController.swift */; };
/* End PBXBuildFile section */

/* Begin PBXContainerItemProxy section */
		5F8B63AF1FC48DD600EB9B9A /* PBXContainerItemProxy */ = {
			isa = PBXContainerItemProxy;
			containerPortal = 5F8B63921FC48DD500EB9B9A /* Project object */;
			proxyType = 1;
			remoteGlobalIDString = 5F8B63991FC48DD500EB9B9A;
			remoteInfo = "Telephone Directory";
		};
		5F8B63BA1FC48DD600EB9B9A /* PBXContainerItemProxy */ = {
			isa = PBXContainerItemProxy;
			containerPortal = 5F8B63921FC48DD500EB9B9A /* Project object */;
			proxyType = 1;
			remoteGlobalIDString = 5F8B63991FC48DD500EB9B9A;
			remoteInfo = "Telephone Directory";
		};
/* End PBXContainerItemProxy section */

/* Begin PBXFileReference section */
		5F3CE9451FC5B08F000F871F /* InMemoryContactRepositoryTest.swift */ = {isa = PBXFileReference; lastKnownFileType = sourcecode.swift; path = InMemoryContactRepositoryTest.swift; sourceTree = "<group>"; };
		5F3CE9471FC5BAD1000F871F /* InMemoryContactRepository.swift */ = {isa = PBXFileReference; lastKnownFileType = sourcecode.swift; path = InMemoryContactRepository.swift; sourceTree = "<group>"; };
		5F5D6A241FC6CC39001DD398 /* AddNewEntryViewController.swift */ = {isa = PBXFileReference; lastKnownFileType = sourcecode.swift; path = AddNewEntryViewController.swift; sourceTree = "<group>"; };
		5F8B639A1FC48DD600EB9B9A /* Telephone Directory.app */ = {isa = PBXFileReference; explicitFileType = wrapper.application; includeInIndex = 0; path = "Telephone Directory.app"; sourceTree = BUILT_PRODUCTS_DIR; };
		5F8B639D1FC48DD600EB9B9A /* AppDelegate.swift */ = {isa = PBXFileReference; lastKnownFileType = sourcecode.swift; path = AppDelegate.swift; sourceTree = "<group>"; };
		5F8B63A21FC48DD600EB9B9A /* Base */ = {isa = PBXFileReference; lastKnownFileType = file.storyboard; name = Base; path = Base.lproj/Main.storyboard; sourceTree = "<group>"; };
		5F8B63A41FC48DD600EB9B9A /* Assets.xcassets */ = {isa = PBXFileReference; lastKnownFileType = folder.assetcatalog; path = Assets.xcassets; sourceTree = "<group>"; };
		5F8B63A71FC48DD600EB9B9A /* Base */ = {isa = PBXFileReference; lastKnownFileType = file.storyboard; name = Base; path = Base.lproj/LaunchScreen.storyboard; sourceTree = "<group>"; };
		5F8B63A91FC48DD600EB9B9A /* Info.plist */ = {isa = PBXFileReference; lastKnownFileType = text.plist.xml; path = Info.plist; sourceTree = "<group>"; };
		5F8B63AE1FC48DD600EB9B9A /* Telephone DirectoryTests.xctest */ = {isa = PBXFileReference; explicitFileType = wrapper.cfbundle; includeInIndex = 0; path = "Telephone DirectoryTests.xctest"; sourceTree = BUILT_PRODUCTS_DIR; };
		5F8B63B41FC48DD600EB9B9A /* Info.plist */ = {isa = PBXFileReference; lastKnownFileType = text.plist.xml; path = Info.plist; sourceTree = "<group>"; };
		5F8B63B91FC48DD600EB9B9A /* Telephone DirectoryUITests.xctest */ = {isa = PBXFileReference; explicitFileType = wrapper.cfbundle; includeInIndex = 0; path = "Telephone DirectoryUITests.xctest"; sourceTree = BUILT_PRODUCTS_DIR; };
		5F8B63BD1FC48DD600EB9B9A /* Telephone_DirectoryUITests.swift */ = {isa = PBXFileReference; lastKnownFileType = sourcecode.swift; path = Telephone_DirectoryUITests.swift; sourceTree = "<group>"; };
		5F8B63BF1FC48DD600EB9B9A /* Info.plist */ = {isa = PBXFileReference; lastKnownFileType = text.plist.xml; path = Info.plist; sourceTree = "<group>"; };
		5F9958461FC6DCA60019B4F5 /* AddNewEntryDelegate.swift */ = {isa = PBXFileReference; lastKnownFileType = sourcecode.swift; path = AddNewEntryDelegate.swift; sourceTree = "<group>"; };
		5FD3AFAE1FC5BD9D00DF48BC /* ContactValidatorTest.swift */ = {isa = PBXFileReference; lastKnownFileType = sourcecode.swift; path = ContactValidatorTest.swift; sourceTree = "<group>"; };
		5FD3AFB01FC5BF9900DF48BC /* ContactValidator.swift */ = {isa = PBXFileReference; lastKnownFileType = sourcecode.swift; path = ContactValidator.swift; sourceTree = "<group>"; };
		5FD3AFB31FC5C17000DF48BC /* HomePagePresenterTest.swift */ = {isa = PBXFileReference; lastKnownFileType = sourcecode.swift; path = HomePagePresenterTest.swift; sourceTree = "<group>"; };
		5FD3AFB51FC5C56900DF48BC /* HomePageView.swift */ = {isa = PBXFileReference; lastKnownFileType = sourcecode.swift; path = HomePageView.swift; sourceTree = "<group>"; };
		5FD3AFB81FC5C79200DF48BC /* HomePagePresenter.swift */ = {isa = PBXFileReference; lastKnownFileType = sourcecode.swift; path = HomePagePresenter.swift; sourceTree = "<group>"; };
		5FD3AFBE1FC5D03100DF48BC /* SpyContactRepository.swift */ = {isa = PBXFileReference; lastKnownFileType = sourcecode.swift; path = SpyContactRepository.swift; sourceTree = "<group>"; };
		5FD3AFC01FC5D06800DF48BC /* SpyAddNewEntryView.swift */ = {isa = PBXFileReference; lastKnownFileType = sourcecode.swift; path = SpyAddNewEntryView.swift; sourceTree = "<group>"; };
		5FD3AFC21FC5D08B00DF48BC /* StubContactValidator.swift */ = {isa = PBXFileReference; lastKnownFileType = sourcecode.swift; path = StubContactValidator.swift; sourceTree = "<group>"; };
		5FD3AFC51FC5D15000DF48BC /* SpyHomePageView.swift */ = {isa = PBXFileReference; lastKnownFileType = sourcecode.swift; path = SpyHomePageView.swift; sourceTree = "<group>"; };
		5FDA91A81FC57B4E00D76676 /* AddNewEntryPresenterTest.swift */ = {isa = PBXFileReference; lastKnownFileType = sourcecode.swift; path = AddNewEntryPresenterTest.swift; sourceTree = "<group>"; };
		5FDA91AA1FC584EB00D76676 /* ContactRepository.swift */ = {isa = PBXFileReference; lastKnownFileType = sourcecode.swift; path = ContactRepository.swift; sourceTree = "<group>"; };
		5FDA91AE1FC5869D00D76676 /* Contact.swift */ = {isa = PBXFileReference; lastKnownFileType = sourcecode.swift; path = Contact.swift; sourceTree = "<group>"; };
		5FDA91B41FC5896700D76676 /* Validator.swift */ = {isa = PBXFileReference; lastKnownFileType = sourcecode.swift; path = Validator.swift; sourceTree = "<group>"; };
		5FDA91B71FC5945D00D76676 /* AddNewEntryView.swift */ = {isa = PBXFileReference; lastKnownFileType = sourcecode.swift; path = AddNewEntryView.swift; sourceTree = "<group>"; };
		5FDA91BB1FC5978B00D76676 /* AddNewEntryPresenter.swift */ = {isa = PBXFileReference; lastKnownFileType = sourcecode.swift; path = AddNewEntryPresenter.swift; sourceTree = "<group>"; };
		5FDEB5F71FC5D456002B0C68 /* StubContactRepository.swift */ = {isa = PBXFileReference; lastKnownFileType = sourcecode.swift; path = StubContactRepository.swift; sourceTree = "<group>"; };
		5FDEB5FC1FC5D67C002B0C68 /* HomePageViewController.swift */ = {isa = PBXFileReference; lastKnownFileType = sourcecode.swift; path = HomePageViewController.swift; sourceTree = "<group>"; };
/* End PBXFileReference section */

/* Begin PBXFrameworksBuildPhase section */
		5F8B63971FC48DD500EB9B9A /* Frameworks */ = {
			isa = PBXFrameworksBuildPhase;
			buildActionMask = 2147483647;
			files = (
			);
			runOnlyForDeploymentPostprocessing = 0;
		};
		5F8B63AB1FC48DD600EB9B9A /* Frameworks */ = {
			isa = PBXFrameworksBuildPhase;
			buildActionMask = 2147483647;
			files = (
			);
			runOnlyForDeploymentPostprocessing = 0;
		};
		5F8B63B61FC48DD600EB9B9A /* Frameworks */ = {
			isa = PBXFrameworksBuildPhase;
			buildActionMask = 2147483647;
			files = (
			);
			runOnlyForDeploymentPostprocessing = 0;
		};
/* End PBXFrameworksBuildPhase section */

/* Begin PBXGroup section */
		5F8B63911FC48DD500EB9B9A = {
			isa = PBXGroup;
			children = (
				5F8B639C1FC48DD600EB9B9A /* Telephone Directory */,
				5F8B63B11FC48DD600EB9B9A /* Telephone DirectoryTests */,
				5F8B63BC1FC48DD600EB9B9A /* Telephone DirectoryUITests */,
				5F8B639B1FC48DD600EB9B9A /* Products */,
			);
			sourceTree = "<group>";
		};
		5F8B639B1FC48DD600EB9B9A /* Products */ = {
			isa = PBXGroup;
			children = (
				5F8B639A1FC48DD600EB9B9A /* Telephone Directory.app */,
				5F8B63AE1FC48DD600EB9B9A /* Telephone DirectoryTests.xctest */,
				5F8B63B91FC48DD600EB9B9A /* Telephone DirectoryUITests.xctest */,
			);
			name = Products;
			sourceTree = "<group>";
		};
		5F8B639C1FC48DD600EB9B9A /* Telephone Directory */ = {
			isa = PBXGroup;
			children = (
				5FDEB5FB1FC5D59B002B0C68 /* ViewControllers */,
				5FDA91BA1FC5975700D76676 /* Presenters */,
				5FDA91AD1FC5867A00D76676 /* Models */,
				5FDA91AC1FC585FD00D76676 /* Protocols */,
				5F8B639D1FC48DD600EB9B9A /* AppDelegate.swift */,
				5F8B63A11FC48DD600EB9B9A /* Main.storyboard */,
				5F8B63A41FC48DD600EB9B9A /* Assets.xcassets */,
				5F8B63A61FC48DD600EB9B9A /* LaunchScreen.storyboard */,
				5F8B63A91FC48DD600EB9B9A /* Info.plist */,
			);
			path = "Telephone Directory";
			sourceTree = "<group>";
		};
		5F8B63B11FC48DD600EB9B9A /* Telephone DirectoryTests */ = {
			isa = PBXGroup;
			children = (
				5FD3AFBD1FC5CF0D00DF48BC /* Spies */,
				5FD3AFBC1FC5CEF400DF48BC /* Dummies */,
				5FD3AFBB1FC5CEE700DF48BC /* Stubs */,
				5F8B63B41FC48DD600EB9B9A /* Info.plist */,
				5FDA91A81FC57B4E00D76676 /* AddNewEntryPresenterTest.swift */,
				5F3CE9451FC5B08F000F871F /* InMemoryContactRepositoryTest.swift */,
				5FD3AFAE1FC5BD9D00DF48BC /* ContactValidatorTest.swift */,
				5FD3AFB31FC5C17000DF48BC /* HomePagePresenterTest.swift */,
			);
			path = "Telephone DirectoryTests";
			sourceTree = "<group>";
		};
		5F8B63BC1FC48DD600EB9B9A /* Telephone DirectoryUITests */ = {
			isa = PBXGroup;
			children = (
				5F8B63BD1FC48DD600EB9B9A /* Telephone_DirectoryUITests.swift */,
				5F8B63BF1FC48DD600EB9B9A /* Info.plist */,
			);
			path = "Telephone DirectoryUITests";
			sourceTree = "<group>";
		};
		5FD3AFBB1FC5CEE700DF48BC /* Stubs */ = {
			isa = PBXGroup;
			children = (
				5FD3AFC21FC5D08B00DF48BC /* StubContactValidator.swift */,
				5FDEB5F71FC5D456002B0C68 /* StubContactRepository.swift */,
			);
			path = Stubs;
			sourceTree = "<group>";
		};
		5FD3AFBC1FC5CEF400DF48BC /* Dummies */ = {
			isa = PBXGroup;
			children = (
			);
			path = Dummies;
			sourceTree = "<group>";
		};
		5FD3AFBD1FC5CF0D00DF48BC /* Spies */ = {
			isa = PBXGroup;
			children = (
				5FD3AFC51FC5D15000DF48BC /* SpyHomePageView.swift */,
				5FD3AFBE1FC5D03100DF48BC /* SpyContactRepository.swift */,
				5FD3AFC01FC5D06800DF48BC /* SpyAddNewEntryView.swift */,
			);
			path = Spies;
			sourceTree = "<group>";
		};
		5FDA91AC1FC585FD00D76676 /* Protocols */ = {
			isa = PBXGroup;
			children = (
				5FDA91AA1FC584EB00D76676 /* ContactRepository.swift */,
				5FDA91B41FC5896700D76676 /* Validator.swift */,
				5FDA91B71FC5945D00D76676 /* AddNewEntryView.swift */,
				5FD3AFB51FC5C56900DF48BC /* HomePageView.swift */,
				5F9958461FC6DCA60019B4F5 /* AddNewEntryDelegate.swift */,
			);
			path = Protocols;
			sourceTree = "<group>";
		};
		5FDA91AD1FC5867A00D76676 /* Models */ = {
			isa = PBXGroup;
			children = (
				5FDA91AE1FC5869D00D76676 /* Contact.swift */,
				5F3CE9471FC5BAD1000F871F /* InMemoryContactRepository.swift */,
				5FD3AFB01FC5BF9900DF48BC /* ContactValidator.swift */,
			);
			path = Models;
			sourceTree = "<group>";
		};
		5FDA91BA1FC5975700D76676 /* Presenters */ = {
			isa = PBXGroup;
			children = (
				5FDA91BB1FC5978B00D76676 /* AddNewEntryPresenter.swift */,
				5FD3AFB81FC5C79200DF48BC /* HomePagePresenter.swift */,
			);
			path = Presenters;
			sourceTree = "<group>";
		};
		5FDEB5FB1FC5D59B002B0C68 /* ViewControllers */ = {
			isa = PBXGroup;
			children = (
				5FDEB5FC1FC5D67C002B0C68 /* HomePageViewController.swift */,
				5F5D6A241FC6CC39001DD398 /* AddNewEntryViewController.swift */,
			);
			path = ViewControllers;
			sourceTree = "<group>";
		};
/* End PBXGroup section */

/* Begin PBXNativeTarget section */
		5F8B63991FC48DD500EB9B9A /* Telephone Directory */ = {
			isa = PBXNativeTarget;
			buildConfigurationList = 5F8B63C21FC48DD600EB9B9A /* Build configuration list for PBXNativeTarget "Telephone Directory" */;
			buildPhases = (
				5F8B63961FC48DD500EB9B9A /* Sources */,
				5F8B63971FC48DD500EB9B9A /* Frameworks */,
				5F8B63981FC48DD500EB9B9A /* Resources */,
			);
			buildRules = (
			);
			dependencies = (
			);
			name = "Telephone Directory";
			productName = "Telephone Directory";
			productReference = 5F8B639A1FC48DD600EB9B9A /* Telephone Directory.app */;
			productType = "com.apple.product-type.application";
		};
		5F8B63AD1FC48DD600EB9B9A /* Telephone DirectoryTests */ = {
			isa = PBXNativeTarget;
			buildConfigurationList = 5F8B63C51FC48DD600EB9B9A /* Build configuration list for PBXNativeTarget "Telephone DirectoryTests" */;
			buildPhases = (
				5F8B63AA1FC48DD600EB9B9A /* Sources */,
				5F8B63AB1FC48DD600EB9B9A /* Frameworks */,
				5F8B63AC1FC48DD600EB9B9A /* Resources */,
			);
			buildRules = (
			);
			dependencies = (
				5F8B63B01FC48DD600EB9B9A /* PBXTargetDependency */,
			);
			name = "Telephone DirectoryTests";
			productName = "Telephone DirectoryTests";
			productReference = 5F8B63AE1FC48DD600EB9B9A /* Telephone DirectoryTests.xctest */;
			productType = "com.apple.product-type.bundle.unit-test";
		};
		5F8B63B81FC48DD600EB9B9A /* Telephone DirectoryUITests */ = {
			isa = PBXNativeTarget;
			buildConfigurationList = 5F8B63C81FC48DD600EB9B9A /* Build configuration list for PBXNativeTarget "Telephone DirectoryUITests" */;
			buildPhases = (
				5F8B63B51FC48DD600EB9B9A /* Sources */,
				5F8B63B61FC48DD600EB9B9A /* Frameworks */,
				5F8B63B71FC48DD600EB9B9A /* Resources */,
			);
			buildRules = (
			);
			dependencies = (
				5F8B63BB1FC48DD600EB9B9A /* PBXTargetDependency */,
			);
			name = "Telephone DirectoryUITests";
			productName = "Telephone DirectoryUITests";
			productReference = 5F8B63B91FC48DD600EB9B9A /* Telephone DirectoryUITests.xctest */;
			productType = "com.apple.product-type.bundle.ui-testing";
		};
/* End PBXNativeTarget section */

/* Begin PBXProject section */
		5F8B63921FC48DD500EB9B9A /* Project object */ = {
			isa = PBXProject;
			attributes = {
				LastSwiftUpdateCheck = 0910;
				LastUpgradeCheck = 0910;
				ORGANIZATIONNAME = "Nicola Margoni";
				TargetAttributes = {
					5F8B63991FC48DD500EB9B9A = {
						CreatedOnToolsVersion = 9.1;
						ProvisioningStyle = Automatic;
					};
					5F8B63AD1FC48DD600EB9B9A = {
						CreatedOnToolsVersion = 9.1;
						ProvisioningStyle = Automatic;
						TestTargetID = 5F8B63991FC48DD500EB9B9A;
					};
					5F8B63B81FC48DD600EB9B9A = {
						CreatedOnToolsVersion = 9.1;
						ProvisioningStyle = Automatic;
						TestTargetID = 5F8B63991FC48DD500EB9B9A;
					};
				};
			};
			buildConfigurationList = 5F8B63951FC48DD500EB9B9A /* Build configuration list for PBXProject "Telephone Directory" */;
			compatibilityVersion = "Xcode 8.0";
			developmentRegion = en;
			hasScannedForEncodings = 0;
			knownRegions = (
				en,
				Base,
			);
			mainGroup = 5F8B63911FC48DD500EB9B9A;
			productRefGroup = 5F8B639B1FC48DD600EB9B9A /* Products */;
			projectDirPath = "";
			projectRoot = "";
			targets = (
				5F8B63991FC48DD500EB9B9A /* Telephone Directory */,
				5F8B63AD1FC48DD600EB9B9A /* Telephone DirectoryTests */,
				5F8B63B81FC48DD600EB9B9A /* Telephone DirectoryUITests */,
			);
		};
/* End PBXProject section */

/* Begin PBXResourcesBuildPhase section */
		5F8B63981FC48DD500EB9B9A /* Resources */ = {
			isa = PBXResourcesBuildPhase;
			buildActionMask = 2147483647;
			files = (
				5F8B63A81FC48DD600EB9B9A /* LaunchScreen.storyboard in Resources */,
				5F8B63A51FC48DD600EB9B9A /* Assets.xcassets in Resources */,
				5F8B63A31FC48DD600EB9B9A /* Main.storyboard in Resources */,
			);
			runOnlyForDeploymentPostprocessing = 0;
		};
		5F8B63AC1FC48DD600EB9B9A /* Resources */ = {
			isa = PBXResourcesBuildPhase;
			buildActionMask = 2147483647;
			files = (
			);
			runOnlyForDeploymentPostprocessing = 0;
		};
		5F8B63B71FC48DD600EB9B9A /* Resources */ = {
			isa = PBXResourcesBuildPhase;
			buildActionMask = 2147483647;
			files = (
			);
			runOnlyForDeploymentPostprocessing = 0;
		};
/* End PBXResourcesBuildPhase section */

/* Begin PBXSourcesBuildPhase section */
		5F8B63961FC48DD500EB9B9A /* Sources */ = {
			isa = PBXSourcesBuildPhase;
			buildActionMask = 2147483647;
			files = (
				5FDA91BC1FC5978B00D76676 /* AddNewEntryPresenter.swift in Sources */,
				5FDA91AF1FC5869D00D76676 /* Contact.swift in Sources */,
				5F5D6A251FC6CC39001DD398 /* AddNewEntryViewController.swift in Sources */,
				5FDA91B51FC5896700D76676 /* Validator.swift in Sources */,
				5FD3AFB11FC5BF9900DF48BC /* ContactValidator.swift in Sources */,
				5F3CE9481FC5BAD1000F871F /* InMemoryContactRepository.swift in Sources */,
				5FDA91AB1FC584EB00D76676 /* ContactRepository.swift in Sources */,
				5F8B639E1FC48DD600EB9B9A /* AppDelegate.swift in Sources */,
				5FDEB5FD1FC5D67C002B0C68 /* HomePageViewController.swift in Sources */,
				5FD3AFB61FC5C56900DF48BC /* HomePageView.swift in Sources */,
				5F9958471FC6DCA60019B4F5 /* AddNewEntryDelegate.swift in Sources */,
				5FD3AFB91FC5C79200DF48BC /* HomePagePresenter.swift in Sources */,
				5FDA91B81FC5945D00D76676 /* AddNewEntryView.swift in Sources */,
			);
			runOnlyForDeploymentPostprocessing = 0;
		};
		5F8B63AA1FC48DD600EB9B9A /* Sources */ = {
			isa = PBXSourcesBuildPhase;
			buildActionMask = 2147483647;
			files = (
				5FDA91B61FC5896700D76676 /* Validator.swift in Sources */,
				5FD3AFB21FC5BF9900DF48BC /* ContactValidator.swift in Sources */,
				5FDA91B01FC588EB00D76676 /* Contact.swift in Sources */,
				5FD3AFBA1FC5C79200DF48BC /* HomePagePresenter.swift in Sources */,
				5FDEB5F91FC5D4AC002B0C68 /* StubContactRepository.swift in Sources */,
				5F9958481FC6DCA60019B4F5 /* AddNewEntryDelegate.swift in Sources */,
				5FDA91BD1FC5978B00D76676 /* AddNewEntryPresenter.swift in Sources */,
				5FD3AFBF1FC5D03100DF48BC /* SpyContactRepository.swift in Sources */,
				5FD3AFC11FC5D06800DF48BC /* SpyAddNewEntryView.swift in Sources */,
				5FDA91B91FC5945D00D76676 /* AddNewEntryView.swift in Sources */,
				5FDEB5F51FC5D375002B0C68 /* HomePagePresenterTest.swift in Sources */,
				5FDEB5F41FC5D32F002B0C68 /* StubContactValidator.swift in Sources */,
				5F3CE9461FC5B08F000F871F /* InMemoryContactRepositoryTest.swift in Sources */,
				5FDA91A91FC57B4E00D76676 /* AddNewEntryPresenterTest.swift in Sources */,
				5FD3AFC61FC5D15000DF48BC /* SpyHomePageView.swift in Sources */,
				5FD3AFAF1FC5BD9D00DF48BC /* ContactValidatorTest.swift in Sources */,
				5F3CE9491FC5BAD1000F871F /* InMemoryContactRepository.swift in Sources */,
				5FD3AFB71FC5C56900DF48BC /* HomePageView.swift in Sources */,
				5F5D6A261FC6CC39001DD398 /* AddNewEntryViewController.swift in Sources */,
				5FDA91B21FC588F000D76676 /* ContactRepository.swift in Sources */,
			);
			runOnlyForDeploymentPostprocessing = 0;
		};
		5F8B63B51FC48DD600EB9B9A /* Sources */ = {
			isa = PBXSourcesBuildPhase;
			buildActionMask = 2147483647;
			files = (
				5F8B63BE1FC48DD600EB9B9A /* Telephone_DirectoryUITests.swift in Sources */,
			);
			runOnlyForDeploymentPostprocessing = 0;
		};
/* End PBXSourcesBuildPhase section */

/* Begin PBXTargetDependency section */
		5F8B63B01FC48DD600EB9B9A /* PBXTargetDependency */ = {
			isa = PBXTargetDependency;
			target = 5F8B63991FC48DD500EB9B9A /* Telephone Directory */;
			targetProxy = 5F8B63AF1FC48DD600EB9B9A /* PBXContainerItemProxy */;
		};
		5F8B63BB1FC48DD600EB9B9A /* PBXTargetDependency */ = {
			isa = PBXTargetDependency;
			target = 5F8B63991FC48DD500EB9B9A /* Telephone Directory */;
			targetProxy = 5F8B63BA1FC48DD600EB9B9A /* PBXContainerItemProxy */;
		};
/* End PBXTargetDependency section */

/* Begin PBXVariantGroup section */
		5F8B63A11FC48DD600EB9B9A /* Main.storyboard */ = {
			isa = PBXVariantGroup;
			children = (
				5F8B63A21FC48DD600EB9B9A /* Base */,
			);
			name = Main.storyboard;
			sourceTree = "<group>";
		};
		5F8B63A61FC48DD600EB9B9A /* LaunchScreen.storyboard */ = {
			isa = PBXVariantGroup;
			children = (
				5F8B63A71FC48DD600EB9B9A /* Base */,
			);
			name = LaunchScreen.storyboard;
			sourceTree = "<group>";
		};
/* End PBXVariantGroup section */

/* Begin XCBuildConfiguration section */
		5F8B63C01FC48DD600EB9B9A /* Debug */ = {
			isa = XCBuildConfiguration;
			buildSettings = {
				ALWAYS_SEARCH_USER_PATHS = NO;
				CLANG_ANALYZER_NONNULL = YES;
				CLANG_ANALYZER_NUMBER_OBJECT_CONVERSION = YES_AGGRESSIVE;
				CLANG_CXX_LANGUAGE_STANDARD = "gnu++14";
				CLANG_CXX_LIBRARY = "libc++";
				CLANG_ENABLE_MODULES = YES;
				CLANG_ENABLE_OBJC_ARC = YES;
				CLANG_WARN_BLOCK_CAPTURE_AUTORELEASING = YES;
				CLANG_WARN_BOOL_CONVERSION = YES;
				CLANG_WARN_COMMA = YES;
				CLANG_WARN_CONSTANT_CONVERSION = YES;
				CLANG_WARN_DIRECT_OBJC_ISA_USAGE = YES_ERROR;
				CLANG_WARN_DOCUMENTATION_COMMENTS = YES;
				CLANG_WARN_EMPTY_BODY = YES;
				CLANG_WARN_ENUM_CONVERSION = YES;
				CLANG_WARN_INFINITE_RECURSION = YES;
				CLANG_WARN_INT_CONVERSION = YES;
				CLANG_WARN_NON_LITERAL_NULL_CONVERSION = YES;
				CLANG_WARN_OBJC_LITERAL_CONVERSION = YES;
				CLANG_WARN_OBJC_ROOT_CLASS = YES_ERROR;
				CLANG_WARN_RANGE_LOOP_ANALYSIS = YES;
				CLANG_WARN_STRICT_PROTOTYPES = YES;
				CLANG_WARN_SUSPICIOUS_MOVE = YES;
				CLANG_WARN_UNGUARDED_AVAILABILITY = YES_AGGRESSIVE;
				CLANG_WARN_UNREACHABLE_CODE = YES;
				CLANG_WARN__DUPLICATE_METHOD_MATCH = YES;
				CODE_SIGN_IDENTITY = "iPhone Developer";
				COPY_PHASE_STRIP = NO;
				DEBUG_INFORMATION_FORMAT = dwarf;
				ENABLE_STRICT_OBJC_MSGSEND = YES;
				ENABLE_TESTABILITY = YES;
				GCC_C_LANGUAGE_STANDARD = gnu11;
				GCC_DYNAMIC_NO_PIC = NO;
				GCC_NO_COMMON_BLOCKS = YES;
				GCC_OPTIMIZATION_LEVEL = 0;
				GCC_PREPROCESSOR_DEFINITIONS = (
					"DEBUG=1",
					"$(inherited)",
				);
				GCC_WARN_64_TO_32_BIT_CONVERSION = YES;
				GCC_WARN_ABOUT_RETURN_TYPE = YES_ERROR;
				GCC_WARN_UNDECLARED_SELECTOR = YES;
				GCC_WARN_UNINITIALIZED_AUTOS = YES_AGGRESSIVE;
				GCC_WARN_UNUSED_FUNCTION = YES;
				GCC_WARN_UNUSED_VARIABLE = YES;
				IPHONEOS_DEPLOYMENT_TARGET = 11.1;
				MTL_ENABLE_DEBUG_INFO = YES;
				ONLY_ACTIVE_ARCH = YES;
				SDKROOT = iphoneos;
				SWIFT_ACTIVE_COMPILATION_CONDITIONS = DEBUG;
				SWIFT_OPTIMIZATION_LEVEL = "-Onone";
			};
			name = Debug;
		};
		5F8B63C11FC48DD600EB9B9A /* Release */ = {
			isa = XCBuildConfiguration;
			buildSettings = {
				ALWAYS_SEARCH_USER_PATHS = NO;
				CLANG_ANALYZER_NONNULL = YES;
				CLANG_ANALYZER_NUMBER_OBJECT_CONVERSION = YES_AGGRESSIVE;
				CLANG_CXX_LANGUAGE_STANDARD = "gnu++14";
				CLANG_CXX_LIBRARY = "libc++";
				CLANG_ENABLE_MODULES = YES;
				CLANG_ENABLE_OBJC_ARC = YES;
				CLANG_WARN_BLOCK_CAPTURE_AUTORELEASING = YES;
				CLANG_WARN_BOOL_CONVERSION = YES;
				CLANG_WARN_COMMA = YES;
				CLANG_WARN_CONSTANT_CONVERSION = YES;
				CLANG_WARN_DIRECT_OBJC_ISA_USAGE = YES_ERROR;
				CLANG_WARN_DOCUMENTATION_COMMENTS = YES;
				CLANG_WARN_EMPTY_BODY = YES;
				CLANG_WARN_ENUM_CONVERSION = YES;
				CLANG_WARN_INFINITE_RECURSION = YES;
				CLANG_WARN_INT_CONVERSION = YES;
				CLANG_WARN_NON_LITERAL_NULL_CONVERSION = YES;
				CLANG_WARN_OBJC_LITERAL_CONVERSION = YES;
				CLANG_WARN_OBJC_ROOT_CLASS = YES_ERROR;
				CLANG_WARN_RANGE_LOOP_ANALYSIS = YES;
				CLANG_WARN_STRICT_PROTOTYPES = YES;
				CLANG_WARN_SUSPICIOUS_MOVE = YES;
				CLANG_WARN_UNGUARDED_AVAILABILITY = YES_AGGRESSIVE;
				CLANG_WARN_UNREACHABLE_CODE = YES;
				CLANG_WARN__DUPLICATE_METHOD_MATCH = YES;
				CODE_SIGN_IDENTITY = "iPhone Developer";
				COPY_PHASE_STRIP = NO;
				DEBUG_INFORMATION_FORMAT = "dwarf-with-dsym";
				ENABLE_NS_ASSERTIONS = NO;
				ENABLE_STRICT_OBJC_MSGSEND = YES;
				GCC_C_LANGUAGE_STANDARD = gnu11;
				GCC_NO_COMMON_BLOCKS = YES;
				GCC_WARN_64_TO_32_BIT_CONVERSION = YES;
				GCC_WARN_ABOUT_RETURN_TYPE = YES_ERROR;
				GCC_WARN_UNDECLARED_SELECTOR = YES;
				GCC_WARN_UNINITIALIZED_AUTOS = YES_AGGRESSIVE;
				GCC_WARN_UNUSED_FUNCTION = YES;
				GCC_WARN_UNUSED_VARIABLE = YES;
				IPHONEOS_DEPLOYMENT_TARGET = 11.1;
				MTL_ENABLE_DEBUG_INFO = NO;
				SDKROOT = iphoneos;
				SWIFT_OPTIMIZATION_LEVEL = "-Owholemodule";
				VALIDATE_PRODUCT = YES;
			};
			name = Release;
		};
		5F8B63C31FC48DD600EB9B9A /* Debug */ = {
			isa = XCBuildConfiguration;
			buildSettings = {
				ASSETCATALOG_COMPILER_APPICON_NAME = AppIcon;
				CODE_SIGN_STYLE = Automatic;
				DEVELOPMENT_TEAM = JV4BF9KGGQ;
				INFOPLIST_FILE = "Telephone Directory/Info.plist";
				LD_RUNPATH_SEARCH_PATHS = "$(inherited) @executable_path/Frameworks";
				PRODUCT_BUNDLE_IDENTIFIER = "com.xpeppers.margoni.Telephone-Directory";
				PRODUCT_NAME = "$(TARGET_NAME)";
				SWIFT_VERSION = 4.0;
				TARGETED_DEVICE_FAMILY = "1,2";
			};
			name = Debug;
		};
		5F8B63C41FC48DD600EB9B9A /* Release */ = {
			isa = XCBuildConfiguration;
			buildSettings = {
				ASSETCATALOG_COMPILER_APPICON_NAME = AppIcon;
				CODE_SIGN_STYLE = Automatic;
				DEVELOPMENT_TEAM = JV4BF9KGGQ;
				INFOPLIST_FILE = "Telephone Directory/Info.plist";
				LD_RUNPATH_SEARCH_PATHS = "$(inherited) @executable_path/Frameworks";
				PRODUCT_BUNDLE_IDENTIFIER = "com.xpeppers.margoni.Telephone-Directory";
				PRODUCT_NAME = "$(TARGET_NAME)";
				SWIFT_VERSION = 4.0;
				TARGETED_DEVICE_FAMILY = "1,2";
			};
			name = Release;
		};
		5F8B63C61FC48DD600EB9B9A /* Debug */ = {
			isa = XCBuildConfiguration;
			buildSettings = {
				ALWAYS_EMBED_SWIFT_STANDARD_LIBRARIES = YES;
				BUNDLE_LOADER = "$(TEST_HOST)";
				CODE_SIGN_STYLE = Automatic;
				DEVELOPMENT_TEAM = JV4BF9KGGQ;
				INFOPLIST_FILE = "Telephone DirectoryTests/Info.plist";
				LD_RUNPATH_SEARCH_PATHS = "$(inherited) @executable_path/Frameworks @loader_path/Frameworks";
				PRODUCT_BUNDLE_IDENTIFIER = "com.xpeppers.margoni.Telephone-DirectoryTests";
				PRODUCT_NAME = "$(TARGET_NAME)";
				SWIFT_VERSION = 4.0;
				TARGETED_DEVICE_FAMILY = "1,2";
				TEST_HOST = "$(BUILT_PRODUCTS_DIR)/Telephone Directory.app/Telephone Directory";
			};
			name = Debug;
		};
		5F8B63C71FC48DD600EB9B9A /* Release */ = {
			isa = XCBuildConfiguration;
			buildSettings = {
				ALWAYS_EMBED_SWIFT_STANDARD_LIBRARIES = YES;
				BUNDLE_LOADER = "$(TEST_HOST)";
				CODE_SIGN_STYLE = Automatic;
				DEVELOPMENT_TEAM = JV4BF9KGGQ;
				INFOPLIST_FILE = "Telephone DirectoryTests/Info.plist";
				LD_RUNPATH_SEARCH_PATHS = "$(inherited) @executable_path/Frameworks @loader_path/Frameworks";
				PRODUCT_BUNDLE_IDENTIFIER = "com.xpeppers.margoni.Telephone-DirectoryTests";
				PRODUCT_NAME = "$(TARGET_NAME)";
				SWIFT_VERSION = 4.0;
				TARGETED_DEVICE_FAMILY = "1,2";
				TEST_HOST = "$(BUILT_PRODUCTS_DIR)/Telephone Directory.app/Telephone Directory";
			};
			name = Release;
		};
		5F8B63C91FC48DD600EB9B9A /* Debug */ = {
			isa = XCBuildConfiguration;
			buildSettings = {
				ALWAYS_EMBED_SWIFT_STANDARD_LIBRARIES = YES;
				CODE_SIGN_STYLE = Automatic;
				DEVELOPMENT_TEAM = JV4BF9KGGQ;
				INFOPLIST_FILE = "Telephone DirectoryUITests/Info.plist";
				LD_RUNPATH_SEARCH_PATHS = "$(inherited) @executable_path/Frameworks @loader_path/Frameworks";
				PRODUCT_BUNDLE_IDENTIFIER = "com.xpeppers.margoni.Telephone-DirectoryUITests";
				PRODUCT_NAME = "$(TARGET_NAME)";
				SWIFT_VERSION = 4.0;
				TARGETED_DEVICE_FAMILY = "1,2";
				TEST_TARGET_NAME = "Telephone Directory";
			};
			name = Debug;
		};
		5F8B63CA1FC48DD600EB9B9A /* Release */ = {
			isa = XCBuildConfiguration;
			buildSettings = {
				ALWAYS_EMBED_SWIFT_STANDARD_LIBRARIES = YES;
				CODE_SIGN_STYLE = Automatic;
				DEVELOPMENT_TEAM = JV4BF9KGGQ;
				INFOPLIST_FILE = "Telephone DirectoryUITests/Info.plist";
				LD_RUNPATH_SEARCH_PATHS = "$(inherited) @executable_path/Frameworks @loader_path/Frameworks";
				PRODUCT_BUNDLE_IDENTIFIER = "com.xpeppers.margoni.Telephone-DirectoryUITests";
				PRODUCT_NAME = "$(TARGET_NAME)";
				SWIFT_VERSION = 4.0;
				TARGETED_DEVICE_FAMILY = "1,2";
				TEST_TARGET_NAME = "Telephone Directory";
			};
			name = Release;
		};
/* End XCBuildConfiguration section */

/* Begin XCConfigurationList section */
		5F8B63951FC48DD500EB9B9A /* Build configuration list for PBXProject "Telephone Directory" */ = {
			isa = XCConfigurationList;
			buildConfigurations = (
				5F8B63C01FC48DD600EB9B9A /* Debug */,
				5F8B63C11FC48DD600EB9B9A /* Release */,
			);
			defaultConfigurationIsVisible = 0;
			defaultConfigurationName = Release;
		};
		5F8B63C21FC48DD600EB9B9A /* Build configuration list for PBXNativeTarget "Telephone Directory" */ = {
			isa = XCConfigurationList;
			buildConfigurations = (
				5F8B63C31FC48DD600EB9B9A /* Debug */,
				5F8B63C41FC48DD600EB9B9A /* Release */,
			);
			defaultConfigurationIsVisible = 0;
			defaultConfigurationName = Release;
		};
		5F8B63C51FC48DD600EB9B9A /* Build configuration list for PBXNativeTarget "Telephone DirectoryTests" */ = {
			isa = XCConfigurationList;
			buildConfigurations = (
				5F8B63C61FC48DD600EB9B9A /* Debug */,
				5F8B63C71FC48DD600EB9B9A /* Release */,
			);
			defaultConfigurationIsVisible = 0;
			defaultConfigurationName = Release;
		};
		5F8B63C81FC48DD600EB9B9A /* Build configuration list for PBXNativeTarget "Telephone DirectoryUITests" */ = {
			isa = XCConfigurationList;
			buildConfigurations = (
				5F8B63C91FC48DD600EB9B9A /* Debug */,
				5F8B63CA1FC48DD600EB9B9A /* Release */,
			);
			defaultConfigurationIsVisible = 0;
			defaultConfigurationName = Release;
		};
/* End XCConfigurationList section */
	};
	rootObject = 5F8B63921FC48DD500EB9B9A /* Project object */;
}
